dependencies:
- name: backstage
  repository: https://janus-idp.github.io/helm-backstage
  version: 2.12.1
- name: serverlessOperator
  repository: file://charts/serverless-operator
  version: 0.2.0
- name: sonataFlowOperator
  repository: file://charts/sonataflow-operator
  version: 0.2.0
- name: workflows
  repository: https://parodos.dev/serverless-workflows-helm
  version: 0.2.0
digest: sha256:94b15d70117f0d87a2c5166b9b3a146f17c37a04ea32f4f664838663f8030363
generated: "2024-01-31T16:04:38.157586474+02:00"
